// !$*UTF8*$!
{
	archiveVersion = 1;
	classes = {
	};
	objectVersion = 56;
	objects = {

/* Begin PBXBuildFile section */
		476D701A2B19EE0200443B2F /* CodingAufgabeZKBApp.swift in Sources */ = {isa = PBXBuildFile; fileRef = 476D70192B19EE0200443B2F /* CodingAufgabeZKBApp.swift */; };
		476D701C2B19EE0200443B2F /* ContentView.swift in Sources */ = {isa = PBXBuildFile; fileRef = 476D701B2B19EE0200443B2F /* ContentView.swift */; };
		476D701E2B19EE0300443B2F /* Assets.xcassets in Resources */ = {isa = PBXBuildFile; fileRef = 476D701D2B19EE0300443B2F /* Assets.xcassets */; };
		476D70212B19EE0300443B2F /* Preview Assets.xcassets in Resources */ = {isa = PBXBuildFile; fileRef = 476D70202B19EE0300443B2F /* Preview Assets.xcassets */; };
		476D702B2B19EE0300443B2F /* CodingAufgabeZKBTests.swift in Sources */ = {isa = PBXBuildFile; fileRef = 476D702A2B19EE0300443B2F /* CodingAufgabeZKBTests.swift */; };
		476D70352B19EE0300443B2F /* CodingAufgabeZKBUITests.swift in Sources */ = {isa = PBXBuildFile; fileRef = 476D70342B19EE0300443B2F /* CodingAufgabeZKBUITests.swift */; };
		476D70372B19EE0300443B2F /* CodingAufgabeZKBUITestsLaunchTests.swift in Sources */ = {isa = PBXBuildFile; fileRef = 476D70362B19EE0300443B2F /* CodingAufgabeZKBUITestsLaunchTests.swift */; };
/* End PBXBuildFile section */

/* Begin PBXContainerItemProxy section */
		476D70272B19EE0300443B2F /* PBXContainerItemProxy */ = {
			isa = PBXContainerItemProxy;
			containerPortal = 476D700E2B19EE0200443B2F /* Project object */;
			proxyType = 1;
			remoteGlobalIDString = 476D70152B19EE0200443B2F;
			remoteInfo = CodingAufgabeZKB;
		};
		476D70312B19EE0300443B2F /* PBXContainerItemProxy */ = {
			isa = PBXContainerItemProxy;
			containerPortal = 476D700E2B19EE0200443B2F /* Project object */;
			proxyType = 1;
			remoteGlobalIDString = 476D70152B19EE0200443B2F;
			remoteInfo = CodingAufgabeZKB;
		};
/* End PBXContainerItemProxy section */

/* Begin PBXFileReference section */
		476D70162B19EE0200443B2F /* CodingAufgabeZKB.app */ = {isa = PBXFileReference; explicitFileType = wrapper.application; includeInIndex = 0; path = CodingAufgabeZKB.app; sourceTree = BUILT_PRODUCTS_DIR; };
		476D70192B19EE0200443B2F /* CodingAufgabeZKBApp.swift */ = {isa = PBXFileReference; lastKnownFileType = sourcecode.swift; path = CodingAufgabeZKBApp.swift; sourceTree = "<group>"; };
		476D701B2B19EE0200443B2F /* ContentView.swift */ = {isa = PBXFileReference; lastKnownFileType = sourcecode.swift; path = ContentView.swift; sourceTree = "<group>"; };
		476D701D2B19EE0300443B2F /* Assets.xcassets */ = {isa = PBXFileReference; lastKnownFileType = folder.assetcatalog; path = Assets.xcassets; sourceTree = "<group>"; };
		476D70202B19EE0300443B2F /* Preview Assets.xcassets */ = {isa = PBXFileReference; lastKnownFileType = folder.assetcatalog; path = "Preview Assets.xcassets"; sourceTree = "<group>"; };
		476D70262B19EE0300443B2F /* CodingAufgabeZKBTests.xctest */ = {isa = PBXFileReference; explicitFileType = wrapper.cfbundle; includeInIndex = 0; path = CodingAufgabeZKBTests.xctest; sourceTree = BUILT_PRODUCTS_DIR; };
		476D702A2B19EE0300443B2F /* CodingAufgabeZKBTests.swift */ = {isa = PBXFileReference; lastKnownFileType = sourcecode.swift; path = CodingAufgabeZKBTests.swift; sourceTree = "<group>"; };
		476D70302B19EE0300443B2F /* CodingAufgabeZKBUITests.xctest */ = {isa = PBXFileReference; explicitFileType = wrapper.cfbundle; includeInIndex = 0; path = CodingAufgabeZKBUITests.xctest; sourceTree = BUILT_PRODUCTS_DIR; };
		476D70342B19EE0300443B2F /* CodingAufgabeZKBUITests.swift */ = {isa = PBXFileReference; lastKnownFileType = sourcecode.swift; path = CodingAufgabeZKBUITests.swift; sourceTree = "<group>"; };
		476D70362B19EE0300443B2F /* CodingAufgabeZKBUITestsLaunchTests.swift */ = {isa = PBXFileReference; lastKnownFileType = sourcecode.swift; path = CodingAufgabeZKBUITestsLaunchTests.swift; sourceTree = "<group>"; };
/* End PBXFileReference section */

/* Begin PBXFrameworksBuildPhase section */
		476D70132B19EE0200443B2F /* Frameworks */ = {
			isa = PBXFrameworksBuildPhase;
			buildActionMask = 2147483647;
			files = (
			);
			runOnlyForDeploymentPostprocessing = 0;
		};
		476D70232B19EE0300443B2F /* Frameworks */ = {
			isa = PBXFrameworksBuildPhase;
			buildActionMask = 2147483647;
			files = (
			);
			runOnlyForDeploymentPostprocessing = 0;
		};
		476D702D2B19EE0300443B2F /* Frameworks */ = {
			isa = PBXFrameworksBuildPhase;
			buildActionMask = 2147483647;
			files = (
			);
			runOnlyForDeploymentPostprocessing = 0;
		};
/* End PBXFrameworksBuildPhase section */

/* Begin PBXGroup section */
		476D700D2B19EE0200443B2F = {
			isa = PBXGroup;
			children = (
				476D70182B19EE0200443B2F /* CodingAufgabeZKB */,
				476D70292B19EE0300443B2F /* CodingAufgabeZKBTests */,
				476D70332B19EE0300443B2F /* CodingAufgabeZKBUITests */,
				476D70172B19EE0200443B2F /* Products */,
			);
			sourceTree = "<group>";
		};
		476D70172B19EE0200443B2F /* Products */ = {
			isa = PBXGroup;
			children = (
				476D70162B19EE0200443B2F /* CodingAufgabeZKB.app */,
				476D70262B19EE0300443B2F /* CodingAufgabeZKBTests.xctest */,
				476D70302B19EE0300443B2F /* CodingAufgabeZKBUITests.xctest */,
			);
			name = Products;
			sourceTree = "<group>";
		};
		476D70182B19EE0200443B2F /* CodingAufgabeZKB */ = {
			isa = PBXGroup;
			children = (
				476D70192B19EE0200443B2F /* CodingAufgabeZKBApp.swift */,
				476D701B2B19EE0200443B2F /* ContentView.swift */,
				476D701D2B19EE0300443B2F /* Assets.xcassets */,
				476D701F2B19EE0300443B2F /* Preview Content */,
			);
			path = CodingAufgabeZKB;
			sourceTree = "<group>";
		};
		476D701F2B19EE0300443B2F /* Preview Content */ = {
			isa = PBXGroup;
			children = (
				476D70202B19EE0300443B2F /* Preview Assets.xcassets */,
			);
			path = "Preview Content";
			sourceTree = "<group>";
		};
		476D70292B19EE0300443B2F /* CodingAufgabeZKBTests */ = {
			isa = PBXGroup;
			children = (
				476D702A2B19EE0300443B2F /* CodingAufgabeZKBTests.swift */,
			);
			path = CodingAufgabeZKBTests;
			sourceTree = "<group>";
		};
		476D70332B19EE0300443B2F /* CodingAufgabeZKBUITests */ = {
			isa = PBXGroup;
			children = (
				476D70342B19EE0300443B2F /* CodingAufgabeZKBUITests.swift */,
				476D70362B19EE0300443B2F /* CodingAufgabeZKBUITestsLaunchTests.swift */,
			);
			path = CodingAufgabeZKBUITests;
			sourceTree = "<group>";
		};
/* End PBXGroup section */

/* Begin PBXNativeTarget section */
		476D70152B19EE0200443B2F /* CodingAufgabeZKB */ = {
			isa = PBXNativeTarget;
			buildConfigurationList = 476D703A2B19EE0300443B2F /* Build configuration list for PBXNativeTarget "CodingAufgabeZKB" */;
			buildPhases = (
				476D70122B19EE0200443B2F /* Sources */,
				476D70132B19EE0200443B2F /* Frameworks */,
				476D70142B19EE0200443B2F /* Resources */,
			);
			buildRules = (
			);
			dependencies = (
			);
			name = CodingAufgabeZKB;
			productName = CodingAufgabeZKB;
			productReference = 476D70162B19EE0200443B2F /* CodingAufgabeZKB.app */;
			productType = "com.apple.product-type.application";
		};
		476D70252B19EE0300443B2F /* CodingAufgabeZKBTests */ = {
			isa = PBXNativeTarget;
			buildConfigurationList = 476D703D2B19EE0300443B2F /* Build configuration list for PBXNativeTarget "CodingAufgabeZKBTests" */;
			buildPhases = (
				476D70222B19EE0300443B2F /* Sources */,
				476D70232B19EE0300443B2F /* Frameworks */,
				476D70242B19EE0300443B2F /* Resources */,
			);
			buildRules = (
			);
			dependencies = (
				476D70282B19EE0300443B2F /* PBXTargetDependency */,
			);
			name = CodingAufgabeZKBTests;
			productName = CodingAufgabeZKBTests;
			productReference = 476D70262B19EE0300443B2F /* CodingAufgabeZKBTests.xctest */;
			productType = "com.apple.product-type.bundle.unit-test";
		};
		476D702F2B19EE0300443B2F /* CodingAufgabeZKBUITests */ = {
			isa = PBXNativeTarget;
			buildConfigurationList = 476D70402B19EE0300443B2F /* Build configuration list for PBXNativeTarget "CodingAufgabeZKBUITests" */;
			buildPhases = (
				476D702C2B19EE0300443B2F /* Sources */,
				476D702D2B19EE0300443B2F /* Frameworks */,
				476D702E2B19EE0300443B2F /* Resources */,
			);
			buildRules = (
			);
			dependencies = (
				476D70322B19EE0300443B2F /* PBXTargetDependency */,
			);
			name = CodingAufgabeZKBUITests;
			productName = CodingAufgabeZKBUITests;
			productReference = 476D70302B19EE0300443B2F /* CodingAufgabeZKBUITests.xctest */;
			productType = "com.apple.product-type.bundle.ui-testing";
		};
/* End PBXNativeTarget section */

/* Begin PBXProject section */
		476D700E2B19EE0200443B2F /* Project object */ = {
			isa = PBXProject;
			attributes = {
				BuildIndependentTargetsInParallel = 1;
				LastSwiftUpdateCheck = 1500;
				LastUpgradeCheck = 1500;
				TargetAttributes = {
					476D70152B19EE0200443B2F = {
						CreatedOnToolsVersion = 15.0.1;
					};
					476D70252B19EE0300443B2F = {
						CreatedOnToolsVersion = 15.0.1;
						TestTargetID = 476D70152B19EE0200443B2F;
					};
					476D702F2B19EE0300443B2F = {
						CreatedOnToolsVersion = 15.0.1;
						TestTargetID = 476D70152B19EE0200443B2F;
					};
				};
			};
			buildConfigurationList = 476D70112B19EE0200443B2F /* Build configuration list for PBXProject "CodingAufgabeZKB" */;
			compatibilityVersion = "Xcode 14.0";
			developmentRegion = en;
			hasScannedForEncodings = 0;
			knownRegions = (
				en,
				Base,
			);
			mainGroup = 476D700D2B19EE0200443B2F;
			productRefGroup = 476D70172B19EE0200443B2F /* Products */;
			projectDirPath = "";
			projectRoot = "";
			targets = (
				476D70152B19EE0200443B2F /* CodingAufgabeZKB */,
				476D70252B19EE0300443B2F /* CodingAufgabeZKBTests */,
				476D702F2B19EE0300443B2F /* CodingAufgabeZKBUITests */,
			);
		};
/* End PBXProject section */

/* Begin PBXResourcesBuildPhase section */
		476D70142B19EE0200443B2F /* Resources */ = {
			isa = PBXResourcesBuildPhase;
			buildActionMask = 2147483647;
			files = (
				476D70212B19EE0300443B2F /* Preview Assets.xcassets in Resources */,
				476D701E2B19EE0300443B2F /* Assets.xcassets in Resources */,
			);
			runOnlyForDeploymentPostprocessing = 0;
		};
		476D70242B19EE0300443B2F /* Resources */ = {
			isa = PBXResourcesBuildPhase;
			buildActionMask = 2147483647;
			files = (
			);
			runOnlyForDeploymentPostprocessing = 0;
		};
		476D702E2B19EE0300443B2F /* Resources */ = {
			isa = PBXResourcesBuildPhase;
			buildActionMask = 2147483647;
			files = (
			);
			runOnlyForDeploymentPostprocessing = 0;
		};
/* End PBXResourcesBuildPhase section */

/* Begin PBXSourcesBuildPhase section */
		476D70122B19EE0200443B2F /* Sources */ = {
			isa = PBXSourcesBuildPhase;
			buildActionMask = 2147483647;
			files = (
				476D701C2B19EE0200443B2F /* ContentView.swift in Sources */,
				476D701A2B19EE0200443B2F /* CodingAufgabeZKBApp.swift in Sources */,
			);
			runOnlyForDeploymentPostprocessing = 0;
		};
		476D70222B19EE0300443B2F /* Sources */ = {
			isa = PBXSourcesBuildPhase;
			buildActionMask = 2147483647;
			files = (
				476D702B2B19EE0300443B2F /* CodingAufgabeZKBTests.swift in Sources */,
			);
			runOnlyForDeploymentPostprocessing = 0;
		};
		476D702C2B19EE0300443B2F /* Sources */ = {
			isa = PBXSourcesBuildPhase;
			buildActionMask = 2147483647;
			files = (
				476D70372B19EE0300443B2F /* CodingAufgabeZKBUITestsLaunchTests.swift in Sources */,
				476D70352B19EE0300443B2F /* CodingAufgabeZKBUITests.swift in Sources */,
			);
			runOnlyForDeploymentPostprocessing = 0;
		};
/* End PBXSourcesBuildPhase section */

/* Begin PBXTargetDependency section */
		476D70282B19EE0300443B2F /* PBXTargetDependency */ = {
			isa = PBXTargetDependency;
			target = 476D70152B19EE0200443B2F /* CodingAufgabeZKB */;
			targetProxy = 476D70272B19EE0300443B2F /* PBXContainerItemProxy */;
		};
		476D70322B19EE0300443B2F /* PBXTargetDependency */ = {
			isa = PBXTargetDependency;
			target = 476D70152B19EE0200443B2F /* CodingAufgabeZKB */;
			targetProxy = 476D70312B19EE0300443B2F /* PBXContainerItemProxy */;
		};
/* End PBXTargetDependency section */

/* Begin XCBuildConfiguration section */
		476D70382B19EE0300443B2F /* Debug */ = {
			isa = XCBuildConfiguration;
			buildSettings = {
				ALWAYS_SEARCH_USER_PATHS = NO;
				ASSETCATALOG_COMPILER_GENERATE_SWIFT_ASSET_SYMBOL_EXTENSIONS = YES;
				CLANG_ANALYZER_NONNULL = YES;
				CLANG_ANALYZER_NUMBER_OBJECT_CONVERSION = YES_AGGRESSIVE;
				CLANG_CXX_LANGUAGE_STANDARD = "gnu++20";
				CLANG_ENABLE_MODULES = YES;
				CLANG_ENABLE_OBJC_ARC = YES;
				CLANG_ENABLE_OBJC_WEAK = YES;
				CLANG_WARN_BLOCK_CAPTURE_AUTORELEASING = YES;
				CLANG_WARN_BOOL_CONVERSION = YES;
				CLANG_WARN_COMMA = YES;
				CLANG_WARN_CONSTANT_CONVERSION = YES;
				CLANG_WARN_DEPRECATED_OBJC_IMPLEMENTATIONS = YES;
				CLANG_WARN_DIRECT_OBJC_ISA_USAGE = YES_ERROR;
				CLANG_WARN_DOCUMENTATION_COMMENTS = YES;
				CLANG_WARN_EMPTY_BODY = YES;
				CLANG_WARN_ENUM_CONVERSION = YES;
				CLANG_WARN_INFINITE_RECURSION = YES;
				CLANG_WARN_INT_CONVERSION = YES;
				CLANG_WARN_NON_LITERAL_NULL_CONVERSION = YES;
				CLANG_WARN_OBJC_IMPLICIT_RETAIN_SELF = YES;
				CLANG_WARN_OBJC_LITERAL_CONVERSION = YES;
				CLANG_WARN_OBJC_ROOT_CLASS = YES_ERROR;
				CLANG_WARN_QUOTED_INCLUDE_IN_FRAMEWORK_HEADER = YES;
				CLANG_WARN_RANGE_LOOP_ANALYSIS = YES;
				CLANG_WARN_STRICT_PROTOTYPES = YES;
				CLANG_WARN_SUSPICIOUS_MOVE = YES;
				CLANG_WARN_UNGUARDED_AVAILABILITY = YES_AGGRESSIVE;
				CLANG_WARN_UNREACHABLE_CODE = YES;
				CLANG_WARN__DUPLICATE_METHOD_MATCH = YES;
				COPY_PHASE_STRIP = NO;
				DEBUG_INFORMATION_FORMAT = dwarf;
				ENABLE_STRICT_OBJC_MSGSEND = YES;
				ENABLE_TESTABILITY = YES;
				ENABLE_USER_SCRIPT_SANDBOXING = YES;
				GCC_C_LANGUAGE_STANDARD = gnu17;
				GCC_DYNAMIC_NO_PIC = NO;
				GCC_NO_COMMON_BLOCKS = YES;
				GCC_OPTIMIZATION_LEVEL = 0;
				GCC_PREPROCESSOR_DEFINITIONS = (
					"DEBUG=1",
					"$(inherited)",
				);
				GCC_WARN_64_TO_32_BIT_CONVERSION = YES;
				GCC_WARN_ABOUT_RETURN_TYPE = YES_ERROR;
				GCC_WARN_UNDECLARED_SELECTOR = YES;
				GCC_WARN_UNINITIALIZED_AUTOS = YES_AGGRESSIVE;
				GCC_WARN_UNUSED_FUNCTION = YES;
				GCC_WARN_UNUSED_VARIABLE = YES;
				IPHONEOS_DEPLOYMENT_TARGET = 17.0;
				LOCALIZATION_PREFERS_STRING_CATALOGS = YES;
				MTL_ENABLE_DEBUG_INFO = INCLUDE_SOURCE;
				MTL_FAST_MATH = YES;
				ONLY_ACTIVE_ARCH = YES;
				SDKROOT = iphoneos;
				SWIFT_ACTIVE_COMPILATION_CONDITIONS = "DEBUG $(inherited)";
				SWIFT_OPTIMIZATION_LEVEL = "-Onone";
			};
			name = Debug;
		};
		476D70392B19EE0300443B2F /* Release */ = {
			isa = XCBuildConfiguration;
			buildSettings = {
				ALWAYS_SEARCH_USER_PATHS = NO;
				ASSETCATALOG_COMPILER_GENERATE_SWIFT_ASSET_SYMBOL_EXTENSIONS = YES;
				CLANG_ANALYZER_NONNULL = YES;
				CLANG_ANALYZER_NUMBER_OBJECT_CONVERSION = YES_AGGRESSIVE;
				CLANG_CXX_LANGUAGE_STANDARD = "gnu++20";
				CLANG_ENABLE_MODULES = YES;
				CLANG_ENABLE_OBJC_ARC = YES;
				CLANG_ENABLE_OBJC_WEAK = YES;
				CLANG_WARN_BLOCK_CAPTURE_AUTORELEASING = YES;
				CLANG_WARN_BOOL_CONVERSION = YES;
				CLANG_WARN_COMMA = YES;
				CLANG_WARN_CONSTANT_CONVERSION = YES;
				CLANG_WARN_DEPRECATED_OBJC_IMPLEMENTATIONS = YES;
				CLANG_WARN_DIRECT_OBJC_ISA_USAGE = YES_ERROR;
				CLANG_WARN_DOCUMENTATION_COMMENTS = YES;
				CLANG_WARN_EMPTY_BODY = YES;
				CLANG_WARN_ENUM_CONVERSION = YES;
				CLANG_WARN_INFINITE_RECURSION = YES;
				CLANG_WARN_INT_CONVERSION = YES;
				CLANG_WARN_NON_LITERAL_NULL_CONVERSION = YES;
				CLANG_WARN_OBJC_IMPLICIT_RETAIN_SELF = YES;
				CLANG_WARN_OBJC_LITERAL_CONVERSION = YES;
				CLANG_WARN_OBJC_ROOT_CLASS = YES_ERROR;
				CLANG_WARN_QUOTED_INCLUDE_IN_FRAMEWORK_HEADER = YES;
				CLANG_WARN_RANGE_LOOP_ANALYSIS = YES;
				CLANG_WARN_STRICT_PROTOTYPES = YES;
				CLANG_WARN_SUSPICIOUS_MOVE = YES;
				CLANG_WARN_UNGUARDED_AVAILABILITY = YES_AGGRESSIVE;
				CLANG_WARN_UNREACHABLE_CODE = YES;
				CLANG_WARN__DUPLICATE_METHOD_MATCH = YES;
				COPY_PHASE_STRIP = NO;
				DEBUG_INFORMATION_FORMAT = "dwarf-with-dsym";
				ENABLE_NS_ASSERTIONS = NO;
				ENABLE_STRICT_OBJC_MSGSEND = YES;
				ENABLE_USER_SCRIPT_SANDBOXING = YES;
				GCC_C_LANGUAGE_STANDARD = gnu17;
				GCC_NO_COMMON_BLOCKS = YES;
				GCC_WARN_64_TO_32_BIT_CONVERSION = YES;
				GCC_WARN_ABOUT_RETURN_TYPE = YES_ERROR;
				GCC_WARN_UNDECLARED_SELECTOR = YES;
				GCC_WARN_UNINITIALIZED_AUTOS = YES_AGGRESSIVE;
				GCC_WARN_UNUSED_FUNCTION = YES;
				GCC_WARN_UNUSED_VARIABLE = YES;
				IPHONEOS_DEPLOYMENT_TARGET = 17.0;
				LOCALIZATION_PREFERS_STRING_CATALOGS = YES;
				MTL_ENABLE_DEBUG_INFO = NO;
				MTL_FAST_MATH = YES;
				SDKROOT = iphoneos;
				SWIFT_COMPILATION_MODE = wholemodule;
				VALIDATE_PRODUCT = YES;
			};
			name = Release;
		};
		476D703B2B19EE0300443B2F /* Debug */ = {
			isa = XCBuildConfiguration;
			buildSettings = {
				ASSETCATALOG_COMPILER_APPICON_NAME = AppIcon;
				ASSETCATALOG_COMPILER_GLOBAL_ACCENT_COLOR_NAME = AccentColor;
				CODE_SIGN_STYLE = Automatic;
				CURRENT_PROJECT_VERSION = 1;
				DEVELOPMENT_ASSET_PATHS = "\"CodingAufgabeZKB/Preview Content\"";
				ENABLE_PREVIEWS = YES;
				GENERATE_INFOPLIST_FILE = YES;
				INFOPLIST_KEY_UIApplicationSceneManifest_Generation = YES;
				INFOPLIST_KEY_UIApplicationSupportsIndirectInputEvents = YES;
				INFOPLIST_KEY_UILaunchScreen_Generation = YES;
				INFOPLIST_KEY_UISupportedInterfaceOrientations_iPad = "UIInterfaceOrientationPortrait UIInterfaceOrientationPortraitUpsideDown UIInterfaceOrientationLandscapeLeft UIInterfaceOrientationLandscapeRight";
				INFOPLIST_KEY_UISupportedInterfaceOrientations_iPhone = "UIInterfaceOrientationPortrait UIInterfaceOrientationLandscapeLeft UIInterfaceOrientationLandscapeRight";
				LD_RUNPATH_SEARCH_PATHS = (
					"$(inherited)",
					"@executable_path/Frameworks",
				);
				MARKETING_VERSION = 1.0;
				PRODUCT_BUNDLE_IDENTIFIER = io.Code.CodingAufgabeZKB;
				PRODUCT_NAME = "$(TARGET_NAME)";
				SWIFT_EMIT_LOC_STRINGS = YES;
				SWIFT_VERSION = 5.0;
				TARGETED_DEVICE_FAMILY = "1,2";
			};
			name = Debug;
		};
		476D703C2B19EE0300443B2F /* Release */ = {
			isa = XCBuildConfiguration;
			buildSettings = {
				ASSETCATALOG_COMPILER_APPICON_NAME = AppIcon;
				ASSETCATALOG_COMPILER_GLOBAL_ACCENT_COLOR_NAME = AccentColor;
				CODE_SIGN_STYLE = Automatic;
				CURRENT_PROJECT_VERSION = 1;
				DEVELOPMENT_ASSET_PATHS = "\"CodingAufgabeZKB/Preview Content\"";
				ENABLE_PREVIEWS = YES;
				GENERATE_INFOPLIST_FILE = YES;
				INFOPLIST_KEY_UIApplicationSceneManifest_Generation = YES;
				INFOPLIST_KEY_UIApplicationSupportsIndirectInputEvents = YES;
				INFOPLIST_KEY_UILaunchScreen_Generation = YES;
				INFOPLIST_KEY_UISupportedInterfaceOrientations_iPad = "UIInterfaceOrientationPortrait UIInterfaceOrientationPortraitUpsideDown UIInterfaceOrientationLandscapeLeft UIInterfaceOrientationLandscapeRight";
				INFOPLIST_KEY_UISupportedInterfaceOrientations_iPhone = "UIInterfaceOrientationPortrait UIInterfaceOrientationLandscapeLeft UIInterfaceOrientationLandscapeRight";
				LD_RUNPATH_SEARCH_PATHS = (
					"$(inherited)",
					"@executable_path/Frameworks",
				);
				MARKETING_VERSION = 1.0;
				PRODUCT_BUNDLE_IDENTIFIER = io.Code.CodingAufgabeZKB;
				PRODUCT_NAME = "$(TARGET_NAME)";
				SWIFT_EMIT_LOC_STRINGS = YES;
				SWIFT_VERSION = 5.0;
				TARGETED_DEVICE_FAMILY = "1,2";
			};
			name = Release;
		};
		476D703E2B19EE0300443B2F /* Debug */ = {
			isa = XCBuildConfiguration;
			buildSettings = {
				ALWAYS_EMBED_SWIFT_STANDARD_LIBRARIES = YES;
				BUNDLE_LOADER = "$(TEST_HOST)";
				CODE_SIGN_STYLE = Automatic;
				CURRENT_PROJECT_VERSION = 1;
				GENERATE_INFOPLIST_FILE = YES;
				IPHONEOS_DEPLOYMENT_TARGET = 17.0;
				MARKETING_VERSION = 1.0;
				PRODUCT_BUNDLE_IDENTIFIER = io.Code.CodingAufgabeZKBTests;
				PRODUCT_NAME = "$(TARGET_NAME)";
				SWIFT_EMIT_LOC_STRINGS = NO;
				SWIFT_VERSION = 5.0;
				TARGETED_DEVICE_FAMILY = "1,2";
				TEST_HOST = "$(BUILT_PRODUCTS_DIR)/CodingAufgabeZKB.app/$(BUNDLE_EXECUTABLE_FOLDER_PATH)/CodingAufgabeZKB";
			};
			name = Debug;
		};
		476D703F2B19EE0300443B2F /* Release */ = {
			isa = XCBuildConfiguration;
			buildSettings = {
				ALWAYS_EMBED_SWIFT_STANDARD_LIBRARIES = YES;
				BUNDLE_LOADER = "$(TEST_HOST)";
				CODE_SIGN_STYLE = Automatic;
				CURRENT_PROJECT_VERSION = 1;
				GENERATE_INFOPLIST_FILE = YES;
				IPHONEOS_DEPLOYMENT_TARGET = 17.0;
				MARKETING_VERSION = 1.0;
				PRODUCT_BUNDLE_IDENTIFIER = io.Code.CodingAufgabeZKBTests;
				PRODUCT_NAME = "$(TARGET_NAME)";
				SWIFT_EMIT_LOC_STRINGS = NO;
				SWIFT_VERSION = 5.0;
				TARGETED_DEVICE_FAMILY = "1,2";
				TEST_HOST = "$(BUILT_PRODUCTS_DIR)/CodingAufgabeZKB.app/$(BUNDLE_EXECUTABLE_FOLDER_PATH)/CodingAufgabeZKB";
			};
			name = Release;
		};
		476D70412B19EE0300443B2F /* Debug */ = {
			isa = XCBuildConfiguration;
			buildSettings = {
				ALWAYS_EMBED_SWIFT_STANDARD_LIBRARIES = YES;
				CODE_SIGN_STYLE = Automatic;
				CURRENT_PROJECT_VERSION = 1;
				GENERATE_INFOPLIST_FILE = YES;
				MARKETING_VERSION = 1.0;
				PRODUCT_BUNDLE_IDENTIFIER = io.Code.CodingAufgabeZKBUITests;
				PRODUCT_NAME = "$(TARGET_NAME)";
				SWIFT_EMIT_LOC_STRINGS = NO;
				SWIFT_VERSION = 5.0;
				TARGETED_DEVICE_FAMILY = "1,2";
				TEST_TARGET_NAME = CodingAufgabeZKB;
			};
			name = Debug;
		};
		476D70422B19EE0300443B2F /* Release */ = {
			isa = XCBuildConfiguration;
			buildSettings = {
				ALWAYS_EMBED_SWIFT_STANDARD_LIBRARIES = YES;
				CODE_SIGN_STYLE = Automatic;
				CURRENT_PROJECT_VERSION = 1;
				GENERATE_INFOPLIST_FILE = YES;
				MARKETING_VERSION = 1.0;
				PRODUCT_BUNDLE_IDENTIFIER = io.Code.CodingAufgabeZKBUITests;
				PRODUCT_NAME = "$(TARGET_NAME)";
				SWIFT_EMIT_LOC_STRINGS = NO;
				SWIFT_VERSION = 5.0;
				TARGETED_DEVICE_FAMILY = "1,2";
				TEST_TARGET_NAME = CodingAufgabeZKB;
			};
			name = Release;
		};
/* End XCBuildConfiguration section */

/* Begin XCConfigurationList section */
		476D70112B19EE0200443B2F /* Build configuration list for PBXProject "CodingAufgabeZKB" */ = {
			isa = XCConfigurationList;
			buildConfigurations = (
				476D70382B19EE0300443B2F /* Debug */,
				476D70392B19EE0300443B2F /* Release */,
			);
			defaultConfigurationIsVisible = 0;
			defaultConfigurationName = Release;
		};
		476D703A2B19EE0300443B2F /* Build configuration list for PBXNativeTarget "CodingAufgabeZKB" */ = {
			isa = XCConfigurationList;
			buildConfigurations = (
				476D703B2B19EE0300443B2F /* Debug */,
				476D703C2B19EE0300443B2F /* Release */,
			);
			defaultConfigurationIsVisible = 0;
			defaultConfigurationName = Release;
		};
		476D703D2B19EE0300443B2F /* Build configuration list for PBXNativeTarget "CodingAufgabeZKBTests" */ = {
			isa = XCConfigurationList;
			buildConfigurations = (
				476D703E2B19EE0300443B2F /* Debug */,
				476D703F2B19EE0300443B2F /* Release */,
			);
			defaultConfigurationIsVisible = 0;
			defaultConfigurationName = Release;
		};
		476D70402B19EE0300443B2F /* Build configuration list for PBXNativeTarget "CodingAufgabeZKBUITests" */ = {
			isa = XCConfigurationList;
			buildConfigurations = (
				476D70412B19EE0300443B2F /* Debug */,
				476D70422B19EE0300443B2F /* Release */,
			);
			defaultConfigurationIsVisible = 0;
			defaultConfigurationName = Release;
		};
/* End XCConfigurationList section */
	};
	rootObject = 476D700E2B19EE0200443B2F /* Project object */;
}
